<Solution>
  <Folder Name="/backend/">
    <Project Path="backend/RSSFeedReader.Api.Tests/RSSFeedReader.Api.Tests.csproj" />
    <Project Path="backend/RSSFeedReader.Api/RSSFeedReader.Api.csproj" />
  </Folder>
  <Folder Name="/frontend/">
    <Project Path="frontend/RSSFeedReader.UI/RSSFeedReader.UI.csproj" />
  </Folder>
</Solution>
